<Solution>
  <Project Path="Febucci.TextAnimatorForUnity.UITk.Runtime.csproj" />
  <Project Path="Assembly-CSharp-firstpass.csproj" />
  <Project Path="Assembly-CSharp.csproj" />
  <Project Path="Assembly-CSharp-Editor-firstpass.csproj" />
  <Project Path="UnityUtility.csproj" />
  <Project Path="AC.csproj" />
  <Project Path="MagicaClothV2.csproj" />
  <Project Path="Unity.InputSystem.csproj" />
  <Project Path="DTT.EditorUtilities.Editor.csproj" />
  <Project Path="Decalery.csproj" />
  <Project Path="MagicaClothV2.Editor.csproj" />
  <Project Path="DTT.ProceduralUI.Editor.csproj" />
  <Project Path="Unity.RenderPipelines.Universal.Runtime.csproj" />
  <Project Path="FlatKit.Utils.Editor.csproj" />
  <Project Path="DTT.RuntimeUtilities.Runtime.csproj" />
  <Project Path="Assembly-CSharp-Editor.csproj" />
  <Project Path="ExternAttributes.Editor.csproj" />
  <Project Path="Unity.AI.Navigation.Samples.csproj" />
  <Project Path="DTT.PublishingTools.Editor.csproj" />
  <Project Path="DTT.ProceduralUI.Runtime.csproj" />
  <Project Path="VHierarchy.csproj" />
  <Project Path="Febucci.TextAnimatorForUnity.Runtime.csproj" />
  <Project Path="BakeryEditorAssembly.csproj" />
  <Project Path="DOTween.Modules.csproj" />
  <Project Path="Unity.InputSystem.ForUI.csproj" />
  <Project Path="OmniShade.csproj" />
  <Project Path="Haze.Editor.csproj" />
  <Project Path="UnityUtility.Editor.csproj" />
  <Project Path="VFavorites.csproj" />
  <Project Path="Unity.InputSystem.TestFramework.csproj" />
  <Project Path="Febucci.TextAnimatorForUnity.TMP.Runtime.csproj" />
  <Project Path="Febucci.TextAnimatorForUnity.Input.Runtime.csproj" />
  <Project Path="OmniShade.Editor.csproj" />
  <Project Path="BakeryRuntimeAssembly.csproj" />
  <Project Path="DTT.RuntimeUtilities.Demo.csproj" />
  <Project Path="Febucci.Attributes.Runtime.csproj" />
  <Project Path="DTT.EditorUtilities.Demo.csproj" />
  <Project Path="DOTweenPro.EditorScripts.csproj" />
  <Project Path="BakeryAPV.csproj" />
  <Project Path="Haze.Runtime.csproj" />
  <Project Path="Unity.AI.Navigation.Samples.Initialization.Editor.csproj" />
  <Project Path="DOTweenPro.Scripts.csproj" />
  <Project Path="Unity.InputSystem.DocCodeSamples.csproj" />
  <Project Path="SSCC.Universal.Runtime.csproj" />
  <Project Path="DTT.ProceduralUI.Tests.csproj" />
  <Project Path="SSCC.Runtime.csproj" />
  <Project Path="DTT.ProceduralUI.Tests.Editor.csproj" />
  <Project Path="DTT.PublishingTools.Runtime.csproj" />
  <Project Path="BakeryECS.csproj" />
  <Project Path="DTT.ProceduralUI.Runtime.Unsafe.csproj" />
  <Project Path="Unity.InputSystem.IntegrationTests.csproj" />
  <Project Path="DTT.ProceduralUI.Demo.csproj" />
</Solution>
